// !$*UTF8*$!
{
	archiveVersion = 1;
	classes = {
	};
	objectVersion = 50;
	objects = {

/* Begin PBXBuildFile section */
		2320AC2221F721A900FA657C /* DKLoadingView.swift in Sources */ = {isa = PBXBuildFile; fileRef = 2320AC2121F721A900FA657C /* DKLoadingView.swift */; };
		2320AC2421F96E5C00FA657C /* DKImagePickerView.swift in Sources */ = {isa = PBXBuildFile; fileRef = 2320AC2321F96E5C00FA657C /* DKImagePickerView.swift */; };
		2320AC2621F972A000FA657C /* DKSelectedImageView.swift in Sources */ = {isa = PBXBuildFile; fileRef = 2320AC2521F972A000FA657C /* DKSelectedImageView.swift */; };
		2320AC2821F973DF00FA657C /* DKVideoModel.swift in Sources */ = {isa = PBXBuildFile; fileRef = 2320AC2721F973DF00FA657C /* DKVideoModel.swift */; };
		2320AC2A21F9764F00FA657C /* DKSystemPermission.swift in Sources */ = {isa = PBXBuildFile; fileRef = 2320AC2921F9764F00FA657C /* DKSystemPermission.swift */; };
		23D2DAE321E72669008D4C79 /* AppDelegate.swift in Sources */ = {isa = PBXBuildFile; fileRef = 23D2DAE221E72669008D4C79 /* AppDelegate.swift */; };
		23D2DAEA21E72671008D4C79 /* Assets.xcassets in Resources */ = {isa = PBXBuildFile; fileRef = 23D2DAE921E72671008D4C79 /* Assets.xcassets */; };
		23D2DAED21E72671008D4C79 /* LaunchScreen.storyboard in Resources */ = {isa = PBXBuildFile; fileRef = 23D2DAEB21E72671008D4C79 /* LaunchScreen.storyboard */; };
		23D2DAF721E72BFA008D4C79 /* TestAViewController.swift in Sources */ = {isa = PBXBuildFile; fileRef = 23D2DAF621E72BFA008D4C79 /* TestAViewController.swift */; };
		23D2DAF921E72C12008D4C79 /* TestBViewController.swift in Sources */ = {isa = PBXBuildFile; fileRef = 23D2DAF821E72C12008D4C79 /* TestBViewController.swift */; };
		23D2DAFB21E72C3B008D4C79 /* TestCViewController.swift in Sources */ = {isa = PBXBuildFile; fileRef = 23D2DAFA21E72C3B008D4C79 /* TestCViewController.swift */; };
		23D2DB0121E73B92008D4C79 /* DKImageManager.swift in Sources */ = {isa = PBXBuildFile; fileRef = 23D2DAFC21E73B91008D4C79 /* DKImageManager.swift */; };
		23D2DB0221E73B92008D4C79 /* DKAssetModel.swift in Sources */ = {isa = PBXBuildFile; fileRef = 23D2DAFD21E73B91008D4C79 /* DKAssetModel.swift */; };
		23D2DB0321E73B92008D4C79 /* DKAlbumModel.swift in Sources */ = {isa = PBXBuildFile; fileRef = 23D2DAFE21E73B91008D4C79 /* DKAlbumModel.swift */; };
		23D2DB0421E73B92008D4C79 /* DKCropViewManager.swift in Sources */ = {isa = PBXBuildFile; fileRef = 23D2DAFF21E73B91008D4C79 /* DKCropViewManager.swift */; };
		23D2DB0521E73B92008D4C79 /* DKImageConfigModel.swift in Sources */ = {isa = PBXBuildFile; fileRef = 23D2DB0021E73B92008D4C79 /* DKImageConfigModel.swift */; };
		23D2DB0821E73D91008D4C79 /* UIView+DKExtension.swift in Sources */ = {isa = PBXBuildFile; fileRef = 23D2DB0721E73D91008D4C79 /* UIView+DKExtension.swift */; };
		23D2DB0A21E73E53008D4C79 /* UIImage+DKExtension.swift in Sources */ = {isa = PBXBuildFile; fileRef = 23D2DB0921E73E53008D4C79 /* UIImage+DKExtension.swift */; };
		23D2DB0C21E74992008D4C79 /* DKImageTipsModel.swift in Sources */ = {isa = PBXBuildFile; fileRef = 23D2DB0B21E74992008D4C79 /* DKImageTipsModel.swift */; };
		23D2DB1721E776C1008D4C79 /* DKBaseAssetCell.swift in Sources */ = {isa = PBXBuildFile; fileRef = 23D2DB1021E776C1008D4C79 /* DKBaseAssetCell.swift */; };
		23D2DB1821E776C1008D4C79 /* DKMediaPickerView.swift in Sources */ = {isa = PBXBuildFile; fileRef = 23D2DB1121E776C1008D4C79 /* DKMediaPickerView.swift */; };
		23D2DB1921E776C1008D4C79 /* DKPhotoPreviewCell.swift in Sources */ = {isa = PBXBuildFile; fileRef = 23D2DB1221E776C1008D4C79 /* DKPhotoPreviewCell.swift */; };
		23D2DB1A21E776C1008D4C79 /* DKAlbumPickerView.swift in Sources */ = {isa = PBXBuildFile; fileRef = 23D2DB1321E776C1008D4C79 /* DKAlbumPickerView.swift */; };
		23D2DB1B21E776C1008D4C79 /* DKImagePickerCameraCell.swift in Sources */ = {isa = PBXBuildFile; fileRef = 23D2DB1421E776C1008D4C79 /* DKImagePickerCameraCell.swift */; };
		23D2DB1C21E776C1008D4C79 /* DKAlbumPickerTableViewCell.swift in Sources */ = {isa = PBXBuildFile; fileRef = 23D2DB1521E776C1008D4C79 /* DKAlbumPickerTableViewCell.swift */; };
		23D2DB1D21E776C1008D4C79 /* DKImagePickerCell.swift in Sources */ = {isa = PBXBuildFile; fileRef = 23D2DB1621E776C1008D4C79 /* DKImagePickerCell.swift */; };
		23D2DB1F21E77874008D4C79 /* DKUtil.swift in Sources */ = {isa = PBXBuildFile; fileRef = 23D2DB1E21E77874008D4C79 /* DKUtil.swift */; };
		23D2DB2121E837A3008D4C79 /* UIColor+DKExtension.swift in Sources */ = {isa = PBXBuildFile; fileRef = 23D2DB2021E837A3008D4C79 /* UIColor+DKExtension.swift */; };
		23D2DB2421E84322008D4C79 /* DKImagePickerViewController.swift in Sources */ = {isa = PBXBuildFile; fileRef = 23D2DB2221E84322008D4C79 /* DKImagePickerViewController.swift */; };
		23D2DB2521E84322008D4C79 /* DKImagePreviewViewController.swift in Sources */ = {isa = PBXBuildFile; fileRef = 23D2DB2321E84322008D4C79 /* DKImagePreviewViewController.swift */; };
		23D2DB2721E846C8008D4C79 /* DKProgressView.swift in Sources */ = {isa = PBXBuildFile; fileRef = 23D2DB2621E846C8008D4C79 /* DKProgressView.swift */; };
		23D2DB2921E84FAF008D4C79 /* DKToastView.swift in Sources */ = {isa = PBXBuildFile; fileRef = 23D2DB2821E84FAF008D4C79 /* DKToastView.swift */; };
		23D2DB2D21E886B7008D4C79 /* UIView+DKToast.swift in Sources */ = {isa = PBXBuildFile; fileRef = 23D2DB2C21E886B7008D4C79 /* UIView+DKToast.swift */; };
		23D812A7221120AA00EE6A4C /* DKAlertView.swift in Sources */ = {isa = PBXBuildFile; fileRef = 23D812A6221120AA00EE6A4C /* DKAlertView.swift */; };
/* End PBXBuildFile section */

/* Begin PBXFileReference section */
		2320AC2121F721A900FA657C /* DKLoadingView.swift */ = {isa = PBXFileReference; lastKnownFileType = sourcecode.swift; path = DKLoadingView.swift; sourceTree = "<group>"; };
		2320AC2321F96E5C00FA657C /* DKImagePickerView.swift */ = {isa = PBXFileReference; lastKnownFileType = sourcecode.swift; path = DKImagePickerView.swift; sourceTree = "<group>"; };
		2320AC2521F972A000FA657C /* DKSelectedImageView.swift */ = {isa = PBXFileReference; lastKnownFileType = sourcecode.swift; path = DKSelectedImageView.swift; sourceTree = "<group>"; };
		2320AC2721F973DF00FA657C /* DKVideoModel.swift */ = {isa = PBXFileReference; lastKnownFileType = sourcecode.swift; path = DKVideoModel.swift; sourceTree = "<group>"; };
		2320AC2921F9764F00FA657C /* DKSystemPermission.swift */ = {isa = PBXFileReference; lastKnownFileType = sourcecode.swift; path = DKSystemPermission.swift; sourceTree = "<group>"; };
		23D2DADF21E72669008D4C79 /* DKImagePicker.app */ = {isa = PBXFileReference; explicitFileType = wrapper.application; includeInIndex = 0; path = DKImagePicker.app; sourceTree = BUILT_PRODUCTS_DIR; };
		23D2DAE221E72669008D4C79 /* AppDelegate.swift */ = {isa = PBXFileReference; lastKnownFileType = sourcecode.swift; path = AppDelegate.swift; sourceTree = "<group>"; };
		23D2DAE921E72671008D4C79 /* Assets.xcassets */ = {isa = PBXFileReference; lastKnownFileType = folder.assetcatalog; path = Assets.xcassets; sourceTree = "<group>"; };
		23D2DAEC21E72671008D4C79 /* Base */ = {isa = PBXFileReference; lastKnownFileType = file.storyboard; name = Base; path = Base.lproj/LaunchScreen.storyboard; sourceTree = "<group>"; };
		23D2DAEE21E72671008D4C79 /* Info.plist */ = {isa = PBXFileReference; lastKnownFileType = text.plist.xml; path = Info.plist; sourceTree = "<group>"; };
		23D2DAF621E72BFA008D4C79 /* TestAViewController.swift */ = {isa = PBXFileReference; lastKnownFileType = sourcecode.swift; path = TestAViewController.swift; sourceTree = "<group>"; };
		23D2DAF821E72C12008D4C79 /* TestBViewController.swift */ = {isa = PBXFileReference; lastKnownFileType = sourcecode.swift; path = TestBViewController.swift; sourceTree = "<group>"; };
		23D2DAFA21E72C3B008D4C79 /* TestCViewController.swift */ = {isa = PBXFileReference; lastKnownFileType = sourcecode.swift; path = TestCViewController.swift; sourceTree = "<group>"; };
		23D2DAFC21E73B91008D4C79 /* DKImageManager.swift */ = {isa = PBXFileReference; fileEncoding = 4; lastKnownFileType = sourcecode.swift; path = DKImageManager.swift; sourceTree = "<group>"; };
		23D2DAFD21E73B91008D4C79 /* DKAssetModel.swift */ = {isa = PBXFileReference; fileEncoding = 4; lastKnownFileType = sourcecode.swift; path = DKAssetModel.swift; sourceTree = "<group>"; };
		23D2DAFE21E73B91008D4C79 /* DKAlbumModel.swift */ = {isa = PBXFileReference; fileEncoding = 4; lastKnownFileType = sourcecode.swift; path = DKAlbumModel.swift; sourceTree = "<group>"; };
		23D2DAFF21E73B91008D4C79 /* DKCropViewManager.swift */ = {isa = PBXFileReference; fileEncoding = 4; lastKnownFileType = sourcecode.swift; path = DKCropViewManager.swift; sourceTree = "<group>"; };
		23D2DB0021E73B92008D4C79 /* DKImageConfigModel.swift */ = {isa = PBXFileReference; fileEncoding = 4; lastKnownFileType = sourcecode.swift; path = DKImageConfigModel.swift; sourceTree = "<group>"; };
		23D2DB0721E73D91008D4C79 /* UIView+DKExtension.swift */ = {isa = PBXFileReference; fileEncoding = 4; lastKnownFileType = sourcecode.swift; path = "UIView+DKExtension.swift"; sourceTree = "<group>"; };
		23D2DB0921E73E53008D4C79 /* UIImage+DKExtension.swift */ = {isa = PBXFileReference; lastKnownFileType = sourcecode.swift; path = "UIImage+DKExtension.swift"; sourceTree = "<group>"; };
		23D2DB0B21E74992008D4C79 /* DKImageTipsModel.swift */ = {isa = PBXFileReference; lastKnownFileType = sourcecode.swift; path = DKImageTipsModel.swift; sourceTree = "<group>"; };
		23D2DB1021E776C1008D4C79 /* DKBaseAssetCell.swift */ = {isa = PBXFileReference; fileEncoding = 4; lastKnownFileType = sourcecode.swift; path = DKBaseAssetCell.swift; sourceTree = "<group>"; };
		23D2DB1121E776C1008D4C79 /* DKMediaPickerView.swift */ = {isa = PBXFileReference; fileEncoding = 4; lastKnownFileType = sourcecode.swift; path = DKMediaPickerView.swift; sourceTree = "<group>"; };
		23D2DB1221E776C1008D4C79 /* DKPhotoPreviewCell.swift */ = {isa = PBXFileReference; fileEncoding = 4; lastKnownFileType = sourcecode.swift; path = DKPhotoPreviewCell.swift; sourceTree = "<group>"; };
		23D2DB1321E776C1008D4C79 /* DKAlbumPickerView.swift */ = {isa = PBXFileReference; fileEncoding = 4; lastKnownFileType = sourcecode.swift; path = DKAlbumPickerView.swift; sourceTree = "<group>"; };
		23D2DB1421E776C1008D4C79 /* DKImagePickerCameraCell.swift */ = {isa = PBXFileReference; fileEncoding = 4; lastKnownFileType = sourcecode.swift; path = DKImagePickerCameraCell.swift; sourceTree = "<group>"; };
		23D2DB1521E776C1008D4C79 /* DKAlbumPickerTableViewCell.swift */ = {isa = PBXFileReference; fileEncoding = 4; lastKnownFileType = sourcecode.swift; path = DKAlbumPickerTableViewCell.swift; sourceTree = "<group>"; };
		23D2DB1621E776C1008D4C79 /* DKImagePickerCell.swift */ = {isa = PBXFileReference; fileEncoding = 4; lastKnownFileType = sourcecode.swift; path = DKImagePickerCell.swift; sourceTree = "<group>"; };
		23D2DB1E21E77874008D4C79 /* DKUtil.swift */ = {isa = PBXFileReference; lastKnownFileType = sourcecode.swift; path = DKUtil.swift; sourceTree = "<group>"; };
		23D2DB2021E837A3008D4C79 /* UIColor+DKExtension.swift */ = {isa = PBXFileReference; fileEncoding = 4; lastKnownFileType = sourcecode.swift; path = "UIColor+DKExtension.swift"; sourceTree = "<group>"; };
		23D2DB2221E84322008D4C79 /* DKImagePickerViewController.swift */ = {isa = PBXFileReference; fileEncoding = 4; lastKnownFileType = sourcecode.swift; path = DKImagePickerViewController.swift; sourceTree = "<group>"; };
		23D2DB2321E84322008D4C79 /* DKImagePreviewViewController.swift */ = {isa = PBXFileReference; fileEncoding = 4; lastKnownFileType = sourcecode.swift; path = DKImagePreviewViewController.swift; sourceTree = "<group>"; };
		23D2DB2621E846C8008D4C79 /* DKProgressView.swift */ = {isa = PBXFileReference; lastKnownFileType = sourcecode.swift; path = DKProgressView.swift; sourceTree = "<group>"; };
		23D2DB2821E84FAF008D4C79 /* DKToastView.swift */ = {isa = PBXFileReference; lastKnownFileType = sourcecode.swift; path = DKToastView.swift; sourceTree = "<group>"; };
		23D2DB2C21E886B7008D4C79 /* UIView+DKToast.swift */ = {isa = PBXFileReference; lastKnownFileType = sourcecode.swift; path = "UIView+DKToast.swift"; sourceTree = "<group>"; };
		23D812A6221120AA00EE6A4C /* DKAlertView.swift */ = {isa = PBXFileReference; lastKnownFileType = sourcecode.swift; path = DKAlertView.swift; sourceTree = "<group>"; };
/* End PBXFileReference section */

/* Begin PBXFrameworksBuildPhase section */
		23D2DADC21E72668008D4C79 /* Frameworks */ = {
			isa = PBXFrameworksBuildPhase;
			buildActionMask = 2147483647;
			files = (
			);
			runOnlyForDeploymentPostprocessing = 0;
		};
/* End PBXFrameworksBuildPhase section */

/* Begin PBXGroup section */
		23D2DAD621E72668008D4C79 = {
			isa = PBXGroup;
			children = (
				23D2DAE121E72669008D4C79 /* DKImagePicker */,
				23D2DAE021E72669008D4C79 /* Products */,
			);
			sourceTree = "<group>";
		};
		23D2DAE021E72669008D4C79 /* Products */ = {
			isa = PBXGroup;
			children = (
				23D2DADF21E72669008D4C79 /* DKImagePicker.app */,
			);
			name = Products;
			sourceTree = "<group>";
		};
		23D2DAE121E72669008D4C79 /* DKImagePicker */ = {
			isa = PBXGroup;
			children = (
				23D2DAF421E72B2F008D4C79 /* DKImagePicker */,
				23D2DAE221E72669008D4C79 /* AppDelegate.swift */,
				23D2DAF621E72BFA008D4C79 /* TestAViewController.swift */,
				23D2DAF821E72C12008D4C79 /* TestBViewController.swift */,
				23D2DAFA21E72C3B008D4C79 /* TestCViewController.swift */,
				23D2DAE921E72671008D4C79 /* Assets.xcassets */,
				23D2DAEB21E72671008D4C79 /* LaunchScreen.storyboard */,
				23D2DAEE21E72671008D4C79 /* Info.plist */,
			);
			path = DKImagePicker;
			sourceTree = "<group>";
		};
		23D2DAF421E72B2F008D4C79 /* DKImagePicker */ = {
			isa = PBXGroup;
			children = (
				23D2DB0F21E77631008D4C79 /* ViewController */,
				23D2DB0E21E77628008D4C79 /* View */,
				23D2DB0D21E77614008D4C79 /* Model */,
				23D2DB0621E73D49008D4C79 /* Utils */,
			);
			path = DKImagePicker;
			sourceTree = "<group>";
		};
		23D2DB0621E73D49008D4C79 /* Utils */ = {
			isa = PBXGroup;
			children = (
				23D2DB2021E837A3008D4C79 /* UIColor+DKExtension.swift */,
				23D2DB0721E73D91008D4C79 /* UIView+DKExtension.swift */,
				23D2DB0921E73E53008D4C79 /* UIImage+DKExtension.swift */,
				23D2DB1E21E77874008D4C79 /* DKUtil.swift */,
				23D2DB2C21E886B7008D4C79 /* UIView+DKToast.swift */,
				2320AC2921F9764F00FA657C /* DKSystemPermission.swift */,
			);
			path = Utils;
			sourceTree = "<group>";
		};
		23D2DB0D21E77614008D4C79 /* Model */ = {
			isa = PBXGroup;
			children = (
				23D2DAFE21E73B91008D4C79 /* DKAlbumModel.swift */,
				23D2DAFD21E73B91008D4C79 /* DKAssetModel.swift */,
				2320AC2721F973DF00FA657C /* DKVideoModel.swift */,
				23D2DB0021E73B92008D4C79 /* DKImageConfigModel.swift */,
				23D2DB0B21E74992008D4C79 /* DKImageTipsModel.swift */,
				23D2DAFF21E73B91008D4C79 /* DKCropViewManager.swift */,
				23D2DAFC21E73B91008D4C79 /* DKImageManager.swift */,
			);
			path = Model;
			sourceTree = "<group>";
		};
		23D2DB0E21E77628008D4C79 /* View */ = {
			isa = PBXGroup;
			children = (
				23D2DB1321E776C1008D4C79 /* DKAlbumPickerView.swift */,
				23D2DB1121E776C1008D4C79 /* DKMediaPickerView.swift */,
				2320AC2321F96E5C00FA657C /* DKImagePickerView.swift */,
				23D2DB1021E776C1008D4C79 /* DKBaseAssetCell.swift */,
				23D2DB1621E776C1008D4C79 /* DKImagePickerCell.swift */,
				23D2DB1421E776C1008D4C79 /* DKImagePickerCameraCell.swift */,
				23D2DB1521E776C1008D4C79 /* DKAlbumPickerTableViewCell.swift */,
				23D2DB1221E776C1008D4C79 /* DKPhotoPreviewCell.swift */,
				23D2DB2621E846C8008D4C79 /* DKProgressView.swift */,
				23D2DB2821E84FAF008D4C79 /* DKToastView.swift */,
				2320AC2121F721A900FA657C /* DKLoadingView.swift */,
				2320AC2521F972A000FA657C /* DKSelectedImageView.swift */,
				23D812A6221120AA00EE6A4C /* DKAlertView.swift */,
			);
			path = View;
			sourceTree = "<group>";
		};
		23D2DB0F21E77631008D4C79 /* ViewController */ = {
			isa = PBXGroup;
			children = (
				23D2DB2221E84322008D4C79 /* DKImagePickerViewController.swift */,
				23D2DB2321E84322008D4C79 /* DKImagePreviewViewController.swift */,
			);
			path = ViewController;
			sourceTree = "<group>";
		};
/* End PBXGroup section */

/* Begin PBXNativeTarget section */
		23D2DADE21E72668008D4C79 /* DKImagePicker */ = {
			isa = PBXNativeTarget;
			buildConfigurationList = 23D2DAF121E72671008D4C79 /* Build configuration list for PBXNativeTarget "DKImagePicker" */;
			buildPhases = (
				23D2DADB21E72668008D4C79 /* Sources */,
				23D2DADC21E72668008D4C79 /* Frameworks */,
				23D2DADD21E72668008D4C79 /* Resources */,
			);
			buildRules = (
			);
			dependencies = (
			);
			name = DKImagePicker;
			productName = DKImagePicker;
			productReference = 23D2DADF21E72669008D4C79 /* DKImagePicker.app */;
			productType = "com.apple.product-type.application";
		};
/* End PBXNativeTarget section */

/* Begin PBXProject section */
		23D2DAD721E72668008D4C79 /* Project object */ = {
			isa = PBXProject;
			attributes = {
				CLASSPREFIX = DK;
				LastSwiftUpdateCheck = 1010;
				LastUpgradeCheck = 1010;
				ORGANIZATIONNAME = DU;
				TargetAttributes = {
					23D2DADE21E72668008D4C79 = {
						CreatedOnToolsVersion = 10.1;
					};
				};
			};
			buildConfigurationList = 23D2DADA21E72668008D4C79 /* Build configuration list for PBXProject "DKImagePicker" */;
			compatibilityVersion = "Xcode 9.3";
			developmentRegion = en;
			hasScannedForEncodings = 0;
			knownRegions = (
				en,
				Base,
			);
			mainGroup = 23D2DAD621E72668008D4C79;
			productRefGroup = 23D2DAE021E72669008D4C79 /* Products */;
			projectDirPath = "";
			projectRoot = "";
			targets = (
				23D2DADE21E72668008D4C79 /* DKImagePicker */,
			);
		};
/* End PBXProject section */

/* Begin PBXResourcesBuildPhase section */
		23D2DADD21E72668008D4C79 /* Resources */ = {
			isa = PBXResourcesBuildPhase;
			buildActionMask = 2147483647;
			files = (
				23D2DAED21E72671008D4C79 /* LaunchScreen.storyboard in Resources */,
				23D2DAEA21E72671008D4C79 /* Assets.xcassets in Resources */,
			);
			runOnlyForDeploymentPostprocessing = 0;
		};
/* End PBXResourcesBuildPhase section */

/* Begin PBXSourcesBuildPhase section */
		23D2DADB21E72668008D4C79 /* Sources */ = {
			isa = PBXSourcesBuildPhase;
			buildActionMask = 2147483647;
			files = (
				23D2DB2121E837A3008D4C79 /* UIColor+DKExtension.swift in Sources */,
				23D2DB1A21E776C1008D4C79 /* DKAlbumPickerView.swift in Sources */,
				23D2DB0C21E74992008D4C79 /* DKImageTipsModel.swift in Sources */,
				23D2DB1821E776C1008D4C79 /* DKMediaPickerView.swift in Sources */,
				23D2DB0421E73B92008D4C79 /* DKCropViewManager.swift in Sources */,
				23D2DB2921E84FAF008D4C79 /* DKToastView.swift in Sources */,
				2320AC2A21F9764F00FA657C /* DKSystemPermission.swift in Sources */,
				23D2DB1F21E77874008D4C79 /* DKUtil.swift in Sources */,
				23D2DB2521E84322008D4C79 /* DKImagePreviewViewController.swift in Sources */,
				23D2DB0221E73B92008D4C79 /* DKAssetModel.swift in Sources */,
				23D2DAF921E72C12008D4C79 /* TestBViewController.swift in Sources */,
				23D2DB2421E84322008D4C79 /* DKImagePickerViewController.swift in Sources */,
				23D2DB2D21E886B7008D4C79 /* UIView+DKToast.swift in Sources */,
				23D2DB0121E73B92008D4C79 /* DKImageManager.swift in Sources */,
				23D812A7221120AA00EE6A4C /* DKAlertView.swift in Sources */,
				23D2DB0521E73B92008D4C79 /* DKImageConfigModel.swift in Sources */,
				23D2DB1721E776C1008D4C79 /* DKBaseAssetCell.swift in Sources */,
				23D2DAE321E72669008D4C79 /* AppDelegate.swift in Sources */,
				23D2DB0321E73B92008D4C79 /* DKAlbumModel.swift in Sources */,
				2320AC2421F96E5C00FA657C /* DKImagePickerView.swift in Sources */,
				2320AC2221F721A900FA657C /* DKLoadingView.swift in Sources */,
				23D2DAF721E72BFA008D4C79 /* TestAViewController.swift in Sources */,
				23D2DB0821E73D91008D4C79 /* UIView+DKExtension.swift in Sources */,
				23D2DB0A21E73E53008D4C79 /* UIImage+DKExtension.swift in Sources */,
				23D2DB1C21E776C1008D4C79 /* DKAlbumPickerTableViewCell.swift in Sources */,
				23D2DB1B21E776C1008D4C79 /* DKImagePickerCameraCell.swift in Sources */,
				2320AC2621F972A000FA657C /* DKSelectedImageView.swift in Sources */,
				23D2DB1921E776C1008D4C79 /* DKPhotoPreviewCell.swift in Sources */,
				23D2DAFB21E72C3B008D4C79 /* TestCViewController.swift in Sources */,
				23D2DB2721E846C8008D4C79 /* DKProgressView.swift in Sources */,
				2320AC2821F973DF00FA657C /* DKVideoModel.swift in Sources */,
				23D2DB1D21E776C1008D4C79 /* DKImagePickerCell.swift in Sources */,
			);
			runOnlyForDeploymentPostprocessing = 0;
		};
/* End PBXSourcesBuildPhase section */

/* Begin PBXVariantGroup section */
		23D2DAEB21E72671008D4C79 /* LaunchScreen.storyboard */ = {
			isa = PBXVariantGroup;
			children = (
				23D2DAEC21E72671008D4C79 /* Base */,
			);
			name = LaunchScreen.storyboard;
			sourceTree = "<group>";
		};
/* End PBXVariantGroup section */

/* Begin XCBuildConfiguration section */
		23D2DAEF21E72671008D4C79 /* Debug */ = {
			isa = XCBuildConfiguration;
			buildSettings = {
				ALWAYS_SEARCH_USER_PATHS = NO;
				CLANG_ANALYZER_NONNULL = YES;
				CLANG_ANALYZER_NUMBER_OBJECT_CONVERSION = YES_AGGRESSIVE;
				CLANG_CXX_LANGUAGE_STANDARD = "gnu++14";
				CLANG_CXX_LIBRARY = "libc++";
				CLANG_ENABLE_MODULES = YES;
				CLANG_ENABLE_OBJC_ARC = YES;
				CLANG_ENABLE_OBJC_WEAK = YES;
				CLANG_WARN_BLOCK_CAPTURE_AUTORELEASING = YES;
				CLANG_WARN_BOOL_CONVERSION = YES;
				CLANG_WARN_COMMA = YES;
				CLANG_WARN_CONSTANT_CONVERSION = YES;
				CLANG_WARN_DEPRECATED_OBJC_IMPLEMENTATIONS = YES;
				CLANG_WARN_DIRECT_OBJC_ISA_USAGE = YES_ERROR;
				CLANG_WARN_DOCUMENTATION_COMMENTS = YES;
				CLANG_WARN_EMPTY_BODY = YES;
				CLANG_WARN_ENUM_CONVERSION = YES;
				CLANG_WARN_INFINITE_RECURSION = YES;
				CLANG_WARN_INT_CONVERSION = YES;
				CLANG_WARN_NON_LITERAL_NULL_CONVERSION = YES;
				CLANG_WARN_OBJC_IMPLICIT_RETAIN_SELF = YES;
				CLANG_WARN_OBJC_LITERAL_CONVERSION = YES;
				CLANG_WARN_OBJC_ROOT_CLASS = YES_ERROR;
				CLANG_WARN_RANGE_LOOP_ANALYSIS = YES;
				CLANG_WARN_STRICT_PROTOTYPES = YES;
				CLANG_WARN_SUSPICIOUS_MOVE = YES;
				CLANG_WARN_UNGUARDED_AVAILABILITY = YES_AGGRESSIVE;
				CLANG_WARN_UNREACHABLE_CODE = YES;
				CLANG_WARN__DUPLICATE_METHOD_MATCH = YES;
				CODE_SIGN_IDENTITY = "iPhone Developer";
				COPY_PHASE_STRIP = NO;
				DEBUG_INFORMATION_FORMAT = dwarf;
				ENABLE_STRICT_OBJC_MSGSEND = YES;
				ENABLE_TESTABILITY = YES;
				GCC_C_LANGUAGE_STANDARD = gnu11;
				GCC_DYNAMIC_NO_PIC = NO;
				GCC_NO_COMMON_BLOCKS = YES;
				GCC_OPTIMIZATION_LEVEL = 0;
				GCC_PREPROCESSOR_DEFINITIONS = (
					"DEBUG=1",
					"$(inherited)",
				);
				GCC_WARN_64_TO_32_BIT_CONVERSION = YES;
				GCC_WARN_ABOUT_RETURN_TYPE = YES_ERROR;
				GCC_WARN_UNDECLARED_SELECTOR = YES;
				GCC_WARN_UNINITIALIZED_AUTOS = YES_AGGRESSIVE;
				GCC_WARN_UNUSED_FUNCTION = YES;
				GCC_WARN_UNUSED_VARIABLE = YES;
				IPHONEOS_DEPLOYMENT_TARGET = 12.1;
				MTL_ENABLE_DEBUG_INFO = INCLUDE_SOURCE;
				MTL_FAST_MATH = YES;
				ONLY_ACTIVE_ARCH = YES;
				SDKROOT = iphoneos;
				SWIFT_ACTIVE_COMPILATION_CONDITIONS = DEBUG;
				SWIFT_OPTIMIZATION_LEVEL = "-Onone";
			};
			name = Debug;
		};
		23D2DAF021E72671008D4C79 /* Release */ = {
			isa = XCBuildConfiguration;
			buildSettings = {
				ALWAYS_SEARCH_USER_PATHS = NO;
				CLANG_ANALYZER_NONNULL = YES;
				CLANG_ANALYZER_NUMBER_OBJECT_CONVERSION = YES_AGGRESSIVE;
				CLANG_CXX_LANGUAGE_STANDARD = "gnu++14";
				CLANG_CXX_LIBRARY = "libc++";
				CLANG_ENABLE_MODULES = YES;
				CLANG_ENABLE_OBJC_ARC = YES;
				CLANG_ENABLE_OBJC_WEAK = YES;
				CLANG_WARN_BLOCK_CAPTURE_AUTORELEASING = YES;
				CLANG_WARN_BOOL_CONVERSION = YES;
				CLANG_WARN_COMMA = YES;
				CLANG_WARN_CONSTANT_CONVERSION = YES;
				CLANG_WARN_DEPRECATED_OBJC_IMPLEMENTATIONS = YES;
				CLANG_WARN_DIRECT_OBJC_ISA_USAGE = YES_ERROR;
				CLANG_WARN_DOCUMENTATION_COMMENTS = YES;
				CLANG_WARN_EMPTY_BODY = YES;
				CLANG_WARN_ENUM_CONVERSION = YES;
				CLANG_WARN_INFINITE_RECURSION = YES;
				CLANG_WARN_INT_CONVERSION = YES;
				CLANG_WARN_NON_LITERAL_NULL_CONVERSION = YES;
				CLANG_WARN_OBJC_IMPLICIT_RETAIN_SELF = YES;
				CLANG_WARN_OBJC_LITERAL_CONVERSION = YES;
				CLANG_WARN_OBJC_ROOT_CLASS = YES_ERROR;
				CLANG_WARN_RANGE_LOOP_ANALYSIS = YES;
				CLANG_WARN_STRICT_PROTOTYPES = YES;
				CLANG_WARN_SUSPICIOUS_MOVE = YES;
				CLANG_WARN_UNGUARDED_AVAILABILITY = YES_AGGRESSIVE;
				CLANG_WARN_UNREACHABLE_CODE = YES;
				CLANG_WARN__DUPLICATE_METHOD_MATCH = YES;
				CODE_SIGN_IDENTITY = "iPhone Developer";
				COPY_PHASE_STRIP = NO;
				DEBUG_INFORMATION_FORMAT = "dwarf-with-dsym";
				ENABLE_NS_ASSERTIONS = NO;
				ENABLE_STRICT_OBJC_MSGSEND = YES;
				GCC_C_LANGUAGE_STANDARD = gnu11;
				GCC_NO_COMMON_BLOCKS = YES;
				GCC_WARN_64_TO_32_BIT_CONVERSION = YES;
				GCC_WARN_ABOUT_RETURN_TYPE = YES_ERROR;
				GCC_WARN_UNDECLARED_SELECTOR = YES;
				GCC_WARN_UNINITIALIZED_AUTOS = YES_AGGRESSIVE;
				GCC_WARN_UNUSED_FUNCTION = YES;
				GCC_WARN_UNUSED_VARIABLE = YES;
				IPHONEOS_DEPLOYMENT_TARGET = 12.1;
				MTL_ENABLE_DEBUG_INFO = NO;
				MTL_FAST_MATH = YES;
				SDKROOT = iphoneos;
				SWIFT_COMPILATION_MODE = wholemodule;
				SWIFT_OPTIMIZATION_LEVEL = "-O";
				VALIDATE_PRODUCT = YES;
			};
			name = Release;
		};
		23D2DAF221E72671008D4C79 /* Debug */ = {
			isa = XCBuildConfiguration;
			buildSettings = {
				ASSETCATALOG_COMPILER_APPICON_NAME = AppIcon;
				CODE_SIGN_STYLE = Automatic;
				DEVELOPMENT_TEAM = CQR28XF52U;
				INFOPLIST_FILE = DKImagePicker/Info.plist;
				LD_RUNPATH_SEARCH_PATHS = (
					"$(inherited)",
					"@executable_path/Frameworks",
				);
				PRODUCT_BUNDLE_IDENTIFIER = personl.dk.DKImagePicker;
				PRODUCT_NAME = "$(TARGET_NAME)";
				SWIFT_VERSION = 4.2;
				TARGETED_DEVICE_FAMILY = "1,2";
			};
			name = Debug;
		};
		23D2DAF321E72671008D4C79 /* Release */ = {
			isa = XCBuildConfiguration;
			buildSettings = {
				ASSETCATALOG_COMPILER_APPICON_NAME = AppIcon;
				CODE_SIGN_STYLE = Automatic;
				DEVELOPMENT_TEAM = CQR28XF52U;
				INFOPLIST_FILE = DKImagePicker/Info.plist;
				LD_RUNPATH_SEARCH_PATHS = (
					"$(inherited)",
					"@executable_path/Frameworks",
				);
				PRODUCT_BUNDLE_IDENTIFIER = personl.dk.DKImagePicker;
				PRODUCT_NAME = "$(TARGET_NAME)";
				SWIFT_VERSION = 4.2;
				TARGETED_DEVICE_FAMILY = "1,2";
			};
			name = Release;
		};
/* End XCBuildConfiguration section */

/* Begin XCConfigurationList section */
		23D2DADA21E72668008D4C79 /* Build configuration list for PBXProject "DKImagePicker" */ = {
			isa = XCConfigurationList;
			buildConfigurations = (
				23D2DAEF21E72671008D4C79 /* Debug */,
				23D2DAF021E72671008D4C79 /* Release */,
			);
			defaultConfigurationIsVisible = 0;
			defaultConfigurationName = Release;
		};
		23D2DAF121E72671008D4C79 /* Build configuration list for PBXNativeTarget "DKImagePicker" */ = {
			isa = XCConfigurationList;
			buildConfigurations = (
				23D2DAF221E72671008D4C79 /* Debug */,
				23D2DAF321E72671008D4C79 /* Release */,
			);
			defaultConfigurationIsVisible = 0;
			defaultConfigurationName = Release;
		};
/* End XCConfigurationList section */
	};
	rootObject = 23D2DAD721E72668008D4C79 /* Project object */;
}
