// !$*UTF8*$!
{
	archiveVersion = 1;
	classes = {
	};
	objectVersion = 50;
	objects = {

/* Begin PBXBuildFile section */
		23D2DAE321E72669008D4C79 /* AppDelegate.swift in Sources */ = {isa = PBXBuildFile; fileRef = 23D2DAE221E72669008D4C79 /* AppDelegate.swift */; };
		23D2DAEA21E72671008D4C79 /* Assets.xcassets in Resources */ = {isa = PBXBuildFile; fileRef = 23D2DAE921E72671008D4C79 /* Assets.xcassets */; };
		23D2DAED21E72671008D4C79 /* LaunchScreen.storyboard in Resources */ = {isa = PBXBuildFile; fileRef = 23D2DAEB21E72671008D4C79 /* LaunchScreen.storyboard */; };
		23D2DAF721E72BFA008D4C79 /* TestAViewController.swift in Sources */ = {isa = PBXBuildFile; fileRef = 23D2DAF621E72BFA008D4C79 /* TestAViewController.swift */; };
		23D2DAF921E72C12008D4C79 /* TestBViewController.swift in Sources */ = {isa = PBXBuildFile; fileRef = 23D2DAF821E72C12008D4C79 /* TestBViewController.swift */; };
		23D2DAFB21E72C3B008D4C79 /* TestCViewController.swift in Sources */ = {isa = PBXBuildFile; fileRef = 23D2DAFA21E72C3B008D4C79 /* TestCViewController.swift */; };
		23D2DB0121E73B92008D4C79 /* DPImageManager.swift in Sources */ = {isa = PBXBuildFile; fileRef = 23D2DAFC21E73B91008D4C79 /* DPImageManager.swift */; };
		23D2DB0221E73B92008D4C79 /* DPAssetModel.swift in Sources */ = {isa = PBXBuildFile; fileRef = 23D2DAFD21E73B91008D4C79 /* DPAssetModel.swift */; };
		23D2DB0321E73B92008D4C79 /* DPAlbumModel.swift in Sources */ = {isa = PBXBuildFile; fileRef = 23D2DAFE21E73B91008D4C79 /* DPAlbumModel.swift */; };
		23D2DB0421E73B92008D4C79 /* DPCropViewManager.swift in Sources */ = {isa = PBXBuildFile; fileRef = 23D2DAFF21E73B91008D4C79 /* DPCropViewManager.swift */; };
		23D2DB0521E73B92008D4C79 /* DPImageConfigModel.swift in Sources */ = {isa = PBXBuildFile; fileRef = 23D2DB0021E73B92008D4C79 /* DPImageConfigModel.swift */; };
		23D2DB0821E73D91008D4C79 /* UIView+Extension.swift in Sources */ = {isa = PBXBuildFile; fileRef = 23D2DB0721E73D91008D4C79 /* UIView+Extension.swift */; };
		23D2DB0A21E73E53008D4C79 /* UIImage+Extension.swift in Sources */ = {isa = PBXBuildFile; fileRef = 23D2DB0921E73E53008D4C79 /* UIImage+Extension.swift */; };
/* End PBXBuildFile section */

/* Begin PBXFileReference section */
		23D2DADF21E72669008D4C79 /* DKImagePicker.app */ = {isa = PBXFileReference; explicitFileType = wrapper.application; includeInIndex = 0; path = DKImagePicker.app; sourceTree = BUILT_PRODUCTS_DIR; };
		23D2DAE221E72669008D4C79 /* AppDelegate.swift */ = {isa = PBXFileReference; lastKnownFileType = sourcecode.swift; path = AppDelegate.swift; sourceTree = "<group>"; };
		23D2DAE921E72671008D4C79 /* Assets.xcassets */ = {isa = PBXFileReference; lastKnownFileType = folder.assetcatalog; path = Assets.xcassets; sourceTree = "<group>"; };
		23D2DAEC21E72671008D4C79 /* Base */ = {isa = PBXFileReference; lastKnownFileType = file.storyboard; name = Base; path = Base.lproj/LaunchScreen.storyboard; sourceTree = "<group>"; };
		23D2DAEE21E72671008D4C79 /* Info.plist */ = {isa = PBXFileReference; lastKnownFileType = text.plist.xml; path = Info.plist; sourceTree = "<group>"; };
		23D2DAF621E72BFA008D4C79 /* TestAViewController.swift */ = {isa = PBXFileReference; lastKnownFileType = sourcecode.swift; path = TestAViewController.swift; sourceTree = "<group>"; };
		23D2DAF821E72C12008D4C79 /* TestBViewController.swift */ = {isa = PBXFileReference; lastKnownFileType = sourcecode.swift; path = TestBViewController.swift; sourceTree = "<group>"; };
		23D2DAFA21E72C3B008D4C79 /* TestCViewController.swift */ = {isa = PBXFileReference; lastKnownFileType = sourcecode.swift; path = TestCViewController.swift; sourceTree = "<group>"; };
		23D2DAFC21E73B91008D4C79 /* DPImageManager.swift */ = {isa = PBXFileReference; fileEncoding = 4; lastKnownFileType = sourcecode.swift; path = DPImageManager.swift; sourceTree = "<group>"; };
		23D2DAFD21E73B91008D4C79 /* DPAssetModel.swift */ = {isa = PBXFileReference; fileEncoding = 4; lastKnownFileType = sourcecode.swift; path = DPAssetModel.swift; sourceTree = "<group>"; };
		23D2DAFE21E73B91008D4C79 /* DPAlbumModel.swift */ = {isa = PBXFileReference; fileEncoding = 4; lastKnownFileType = sourcecode.swift; path = DPAlbumModel.swift; sourceTree = "<group>"; };
		23D2DAFF21E73B91008D4C79 /* DPCropViewManager.swift */ = {isa = PBXFileReference; fileEncoding = 4; lastKnownFileType = sourcecode.swift; path = DPCropViewManager.swift; sourceTree = "<group>"; };
		23D2DB0021E73B92008D4C79 /* DPImageConfigModel.swift */ = {isa = PBXFileReference; fileEncoding = 4; lastKnownFileType = sourcecode.swift; path = DPImageConfigModel.swift; sourceTree = "<group>"; };
		23D2DB0721E73D91008D4C79 /* UIView+Extension.swift */ = {isa = PBXFileReference; fileEncoding = 4; lastKnownFileType = sourcecode.swift; path = "UIView+Extension.swift"; sourceTree = "<group>"; };
		23D2DB0921E73E53008D4C79 /* UIImage+Extension.swift */ = {isa = PBXFileReference; lastKnownFileType = sourcecode.swift; path = "UIImage+Extension.swift"; sourceTree = "<group>"; };
/* End PBXFileReference section */

/* Begin PBXFrameworksBuildPhase section */
		23D2DADC21E72668008D4C79 /* Frameworks */ = {
			isa = PBXFrameworksBuildPhase;
			buildActionMask = 2147483647;
			files = (
			);
			runOnlyForDeploymentPostprocessing = 0;
		};
/* End PBXFrameworksBuildPhase section */

/* Begin PBXGroup section */
		23D2DAD621E72668008D4C79 = {
			isa = PBXGroup;
			children = (
				23D2DAE121E72669008D4C79 /* DKImagePicker */,
				23D2DAE021E72669008D4C79 /* Products */,
			);
			sourceTree = "<group>";
		};
		23D2DAE021E72669008D4C79 /* Products */ = {
			isa = PBXGroup;
			children = (
				23D2DADF21E72669008D4C79 /* DKImagePicker.app */,
			);
			name = Products;
			sourceTree = "<group>";
		};
		23D2DAE121E72669008D4C79 /* DKImagePicker */ = {
			isa = PBXGroup;
			children = (
				23D2DAF421E72B2F008D4C79 /* DKImagePicker */,
				23D2DAE221E72669008D4C79 /* AppDelegate.swift */,
				23D2DAF621E72BFA008D4C79 /* TestAViewController.swift */,
				23D2DAF821E72C12008D4C79 /* TestBViewController.swift */,
				23D2DAFA21E72C3B008D4C79 /* TestCViewController.swift */,
				23D2DAE921E72671008D4C79 /* Assets.xcassets */,
				23D2DAEB21E72671008D4C79 /* LaunchScreen.storyboard */,
				23D2DAEE21E72671008D4C79 /* Info.plist */,
			);
			path = DKImagePicker;
			sourceTree = "<group>";
		};
		23D2DAF421E72B2F008D4C79 /* DKImagePicker */ = {
			isa = PBXGroup;
			children = (
				23D2DB0621E73D49008D4C79 /* Utils */,
				23D2DAFE21E73B91008D4C79 /* DPAlbumModel.swift */,
				23D2DAFD21E73B91008D4C79 /* DPAssetModel.swift */,
				23D2DB0021E73B92008D4C79 /* DPImageConfigModel.swift */,
				23D2DAFF21E73B91008D4C79 /* DPCropViewManager.swift */,
				23D2DAFC21E73B91008D4C79 /* DPImageManager.swift */,
			);
			path = DKImagePicker;
			sourceTree = "<group>";
		};
		23D2DB0621E73D49008D4C79 /* Utils */ = {
			isa = PBXGroup;
			children = (
				23D2DB0721E73D91008D4C79 /* UIView+Extension.swift */,
				23D2DB0921E73E53008D4C79 /* UIImage+Extension.swift */,
			);
			path = Utils;
			sourceTree = "<group>";
		};
/* End PBXGroup section */

/* Begin PBXNativeTarget section */
		23D2DADE21E72668008D4C79 /* DKImagePicker */ = {
			isa = PBXNativeTarget;
			buildConfigurationList = 23D2DAF121E72671008D4C79 /* Build configuration list for PBXNativeTarget "DKImagePicker" */;
			buildPhases = (
				23D2DADB21E72668008D4C79 /* Sources */,
				23D2DADC21E72668008D4C79 /* Frameworks */,
				23D2DADD21E72668008D4C79 /* Resources */,
			);
			buildRules = (
			);
			dependencies = (
			);
			name = DKImagePicker;
			productName = DKImagePicker;
			productReference = 23D2DADF21E72669008D4C79 /* DKImagePicker.app */;
			productType = "com.apple.product-type.application";
		};
/* End PBXNativeTarget section */

/* Begin PBXProject section */
		23D2DAD721E72668008D4C79 /* Project object */ = {
			isa = PBXProject;
			attributes = {
				CLASSPREFIX = DK;
				LastSwiftUpdateCheck = 1010;
				LastUpgradeCheck = 1010;
				ORGANIZATIONNAME = DU;
				TargetAttributes = {
					23D2DADE21E72668008D4C79 = {
						CreatedOnToolsVersion = 10.1;
					};
				};
			};
			buildConfigurationList = 23D2DADA21E72668008D4C79 /* Build configuration list for PBXProject "DKImagePicker" */;
			compatibilityVersion = "Xcode 9.3";
			developmentRegion = en;
			hasScannedForEncodings = 0;
			knownRegions = (
				en,
				Base,
			);
			mainGroup = 23D2DAD621E72668008D4C79;
			productRefGroup = 23D2DAE021E72669008D4C79 /* Products */;
			projectDirPath = "";
			projectRoot = "";
			targets = (
				23D2DADE21E72668008D4C79 /* DKImagePicker */,
			);
		};
/* End PBXProject section */

/* Begin PBXResourcesBuildPhase section */
		23D2DADD21E72668008D4C79 /* Resources */ = {
			isa = PBXResourcesBuildPhase;
			buildActionMask = 2147483647;
			files = (
				23D2DAED21E72671008D4C79 /* LaunchScreen.storyboard in Resources */,
				23D2DAEA21E72671008D4C79 /* Assets.xcassets in Resources */,
			);
			runOnlyForDeploymentPostprocessing = 0;
		};
/* End PBXResourcesBuildPhase section */

/* Begin PBXSourcesBuildPhase section */
		23D2DADB21E72668008D4C79 /* Sources */ = {
			isa = PBXSourcesBuildPhase;
			buildActionMask = 2147483647;
			files = (
				23D2DB0421E73B92008D4C79 /* DPCropViewManager.swift in Sources */,
				23D2DB0221E73B92008D4C79 /* DPAssetModel.swift in Sources */,
				23D2DAF921E72C12008D4C79 /* TestBViewController.swift in Sources */,
				23D2DB0121E73B92008D4C79 /* DPImageManager.swift in Sources */,
				23D2DB0521E73B92008D4C79 /* DPImageConfigModel.swift in Sources */,
				23D2DAE321E72669008D4C79 /* AppDelegate.swift in Sources */,
				23D2DB0321E73B92008D4C79 /* DPAlbumModel.swift in Sources */,
				23D2DAF721E72BFA008D4C79 /* TestAViewController.swift in Sources */,
				23D2DB0821E73D91008D4C79 /* UIView+Extension.swift in Sources */,
				23D2DB0A21E73E53008D4C79 /* UIImage+Extension.swift in Sources */,
				23D2DAFB21E72C3B008D4C79 /* TestCViewController.swift in Sources */,
			);
			runOnlyForDeploymentPostprocessing = 0;
		};
/* End PBXSourcesBuildPhase section */

/* Begin PBXVariantGroup section */
		23D2DAEB21E72671008D4C79 /* LaunchScreen.storyboard */ = {
			isa = PBXVariantGroup;
			children = (
				23D2DAEC21E72671008D4C79 /* Base */,
			);
			name = LaunchScreen.storyboard;
			sourceTree = "<group>";
		};
/* End PBXVariantGroup section */

/* Begin XCBuildConfiguration section */
		23D2DAEF21E72671008D4C79 /* Debug */ = {
			isa = XCBuildConfiguration;
			buildSettings = {
				ALWAYS_SEARCH_USER_PATHS = NO;
				CLANG_ANALYZER_NONNULL = YES;
				CLANG_ANALYZER_NUMBER_OBJECT_CONVERSION = YES_AGGRESSIVE;
				CLANG_CXX_LANGUAGE_STANDARD = "gnu++14";
				CLANG_CXX_LIBRARY = "libc++";
				CLANG_ENABLE_MODULES = YES;
				CLANG_ENABLE_OBJC_ARC = YES;
				CLANG_ENABLE_OBJC_WEAK = YES;
				CLANG_WARN_BLOCK_CAPTURE_AUTORELEASING = YES;
				CLANG_WARN_BOOL_CONVERSION = YES;
				CLANG_WARN_COMMA = YES;
				CLANG_WARN_CONSTANT_CONVERSION = YES;
				CLANG_WARN_DEPRECATED_OBJC_IMPLEMENTATIONS = YES;
				CLANG_WARN_DIRECT_OBJC_ISA_USAGE = YES_ERROR;
				CLANG_WARN_DOCUMENTATION_COMMENTS = YES;
				CLANG_WARN_EMPTY_BODY = YES;
				CLANG_WARN_ENUM_CONVERSION = YES;
				CLANG_WARN_INFINITE_RECURSION = YES;
				CLANG_WARN_INT_CONVERSION = YES;
				CLANG_WARN_NON_LITERAL_NULL_CONVERSION = YES;
				CLANG_WARN_OBJC_IMPLICIT_RETAIN_SELF = YES;
				CLANG_WARN_OBJC_LITERAL_CONVERSION = YES;
				CLANG_WARN_OBJC_ROOT_CLASS = YES_ERROR;
				CLANG_WARN_RANGE_LOOP_ANALYSIS = YES;
				CLANG_WARN_STRICT_PROTOTYPES = YES;
				CLANG_WARN_SUSPICIOUS_MOVE = YES;
				CLANG_WARN_UNGUARDED_AVAILABILITY = YES_AGGRESSIVE;
				CLANG_WARN_UNREACHABLE_CODE = YES;
				CLANG_WARN__DUPLICATE_METHOD_MATCH = YES;
				CODE_SIGN_IDENTITY = "iPhone Developer";
				COPY_PHASE_STRIP = NO;
				DEBUG_INFORMATION_FORMAT = dwarf;
				ENABLE_STRICT_OBJC_MSGSEND = YES;
				ENABLE_TESTABILITY = YES;
				GCC_C_LANGUAGE_STANDARD = gnu11;
				GCC_DYNAMIC_NO_PIC = NO;
				GCC_NO_COMMON_BLOCKS = YES;
				GCC_OPTIMIZATION_LEVEL = 0;
				GCC_PREPROCESSOR_DEFINITIONS = (
					"DEBUG=1",
					"$(inherited)",
				);
				GCC_WARN_64_TO_32_BIT_CONVERSION = YES;
				GCC_WARN_ABOUT_RETURN_TYPE = YES_ERROR;
				GCC_WARN_UNDECLARED_SELECTOR = YES;
				GCC_WARN_UNINITIALIZED_AUTOS = YES_AGGRESSIVE;
				GCC_WARN_UNUSED_FUNCTION = YES;
				GCC_WARN_UNUSED_VARIABLE = YES;
				IPHONEOS_DEPLOYMENT_TARGET = 12.1;
				MTL_ENABLE_DEBUG_INFO = INCLUDE_SOURCE;
				MTL_FAST_MATH = YES;
				ONLY_ACTIVE_ARCH = YES;
				SDKROOT = iphoneos;
				SWIFT_ACTIVE_COMPILATION_CONDITIONS = DEBUG;
				SWIFT_OPTIMIZATION_LEVEL = "-Onone";
			};
			name = Debug;
		};
		23D2DAF021E72671008D4C79 /* Release */ = {
			isa = XCBuildConfiguration;
			buildSettings = {
				ALWAYS_SEARCH_USER_PATHS = NO;
				CLANG_ANALYZER_NONNULL = YES;
				CLANG_ANALYZER_NUMBER_OBJECT_CONVERSION = YES_AGGRESSIVE;
				CLANG_CXX_LANGUAGE_STANDARD = "gnu++14";
				CLANG_CXX_LIBRARY = "libc++";
				CLANG_ENABLE_MODULES = YES;
				CLANG_ENABLE_OBJC_ARC = YES;
				CLANG_ENABLE_OBJC_WEAK = YES;
				CLANG_WARN_BLOCK_CAPTURE_AUTORELEASING = YES;
				CLANG_WARN_BOOL_CONVERSION = YES;
				CLANG_WARN_COMMA = YES;
				CLANG_WARN_CONSTANT_CONVERSION = YES;
				CLANG_WARN_DEPRECATED_OBJC_IMPLEMENTATIONS = YES;
				CLANG_WARN_DIRECT_OBJC_ISA_USAGE = YES_ERROR;
				CLANG_WARN_DOCUMENTATION_COMMENTS = YES;
				CLANG_WARN_EMPTY_BODY = YES;
				CLANG_WARN_ENUM_CONVERSION = YES;
				CLANG_WARN_INFINITE_RECURSION = YES;
				CLANG_WARN_INT_CONVERSION = YES;
				CLANG_WARN_NON_LITERAL_NULL_CONVERSION = YES;
				CLANG_WARN_OBJC_IMPLICIT_RETAIN_SELF = YES;
				CLANG_WARN_OBJC_LITERAL_CONVERSION = YES;
				CLANG_WARN_OBJC_ROOT_CLASS = YES_ERROR;
				CLANG_WARN_RANGE_LOOP_ANALYSIS = YES;
				CLANG_WARN_STRICT_PROTOTYPES = YES;
				CLANG_WARN_SUSPICIOUS_MOVE = YES;
				CLANG_WARN_UNGUARDED_AVAILABILITY = YES_AGGRESSIVE;
				CLANG_WARN_UNREACHABLE_CODE = YES;
				CLANG_WARN__DUPLICATE_METHOD_MATCH = YES;
				CODE_SIGN_IDENTITY = "iPhone Developer";
				COPY_PHASE_STRIP = NO;
				DEBUG_INFORMATION_FORMAT = "dwarf-with-dsym";
				ENABLE_NS_ASSERTIONS = NO;
				ENABLE_STRICT_OBJC_MSGSEND = YES;
				GCC_C_LANGUAGE_STANDARD = gnu11;
				GCC_NO_COMMON_BLOCKS = YES;
				GCC_WARN_64_TO_32_BIT_CONVERSION = YES;
				GCC_WARN_ABOUT_RETURN_TYPE = YES_ERROR;
				GCC_WARN_UNDECLARED_SELECTOR = YES;
				GCC_WARN_UNINITIALIZED_AUTOS = YES_AGGRESSIVE;
				GCC_WARN_UNUSED_FUNCTION = YES;
				GCC_WARN_UNUSED_VARIABLE = YES;
				IPHONEOS_DEPLOYMENT_TARGET = 12.1;
				MTL_ENABLE_DEBUG_INFO = NO;
				MTL_FAST_MATH = YES;
				SDKROOT = iphoneos;
				SWIFT_COMPILATION_MODE = wholemodule;
				SWIFT_OPTIMIZATION_LEVEL = "-O";
				VALIDATE_PRODUCT = YES;
			};
			name = Release;
		};
		23D2DAF221E72671008D4C79 /* Debug */ = {
			isa = XCBuildConfiguration;
			buildSettings = {
				ASSETCATALOG_COMPILER_APPICON_NAME = AppIcon;
				CODE_SIGN_STYLE = Automatic;
				DEVELOPMENT_TEAM = CQR28XF52U;
				INFOPLIST_FILE = DKImagePicker/Info.plist;
				LD_RUNPATH_SEARCH_PATHS = (
					"$(inherited)",
					"@executable_path/Frameworks",
				);
				PRODUCT_BUNDLE_IDENTIFIER = personl.dk.DKImagePicker;
				PRODUCT_NAME = "$(TARGET_NAME)";
				SWIFT_VERSION = 4.2;
				TARGETED_DEVICE_FAMILY = "1,2";
			};
			name = Debug;
		};
		23D2DAF321E72671008D4C79 /* Release */ = {
			isa = XCBuildConfiguration;
			buildSettings = {
				ASSETCATALOG_COMPILER_APPICON_NAME = AppIcon;
				CODE_SIGN_STYLE = Automatic;
				DEVELOPMENT_TEAM = CQR28XF52U;
				INFOPLIST_FILE = DKImagePicker/Info.plist;
				LD_RUNPATH_SEARCH_PATHS = (
					"$(inherited)",
					"@executable_path/Frameworks",
				);
				PRODUCT_BUNDLE_IDENTIFIER = personl.dk.DKImagePicker;
				PRODUCT_NAME = "$(TARGET_NAME)";
				SWIFT_VERSION = 4.2;
				TARGETED_DEVICE_FAMILY = "1,2";
			};
			name = Release;
		};
/* End XCBuildConfiguration section */

/* Begin XCConfigurationList section */
		23D2DADA21E72668008D4C79 /* Build configuration list for PBXProject "DKImagePicker" */ = {
			isa = XCConfigurationList;
			buildConfigurations = (
				23D2DAEF21E72671008D4C79 /* Debug */,
				23D2DAF021E72671008D4C79 /* Release */,
			);
			defaultConfigurationIsVisible = 0;
			defaultConfigurationName = Release;
		};
		23D2DAF121E72671008D4C79 /* Build configuration list for PBXNativeTarget "DKImagePicker" */ = {
			isa = XCConfigurationList;
			buildConfigurations = (
				23D2DAF221E72671008D4C79 /* Debug */,
				23D2DAF321E72671008D4C79 /* Release */,
			);
			defaultConfigurationIsVisible = 0;
			defaultConfigurationName = Release;
		};
/* End XCConfigurationList section */
	};
	rootObject = 23D2DAD721E72668008D4C79 /* Project object */;
}
